Microsoft Visual Studio Solution File, Format Version 12.00
# Visual Studio Version 17
VisualStudioVersion = 17.5.2.0
MinimumVisualStudioVersion = 10.0.40219.1
Project("{2150E333-8FDC-42A3-9474-1A3956D46DE8}") = "reto3-Dicker-Edinson-FIXED", "reto3-Dicker-Edinson-FIXED", "{F908AF83-9E55-D086-B5E9-75C187214E92}"
EndProject
Project("{2150E333-8FDC-42A3-9474-1A3956D46DE8}") = "src", "src", "{A20EDF4B-4F26-F21A-9B18-55A5A12F816B}"
EndProject
Project("{FAE04EC0-301F-11D3-BF4B-00C04F79EFBC}") = "ApiReto3", "src\ApiReto3\ApiReto3.csproj", "{566A8646-5DF4-5879-9A05-2BBFCCC830F2}"
EndProject
Project("{2150E333-8FDC-42A3-9474-1A3956D46DE8}") = "tests", "tests", "{DAE5F90B-0856-8859-ABF0-5DF3271A76E1}"
EndProject
Project("{FAE04EC0-301F-11D3-BF4B-00C04F79EFBC}") = "ApiReto3.Tests", "tests\ApiReto3.Tests\ApiReto3.Tests.csproj", "{39688A3C-C765-432C-8B15-8A8A48801190}"
EndProject
Global
	GlobalSection(SolutionConfigurationPlatforms) = preSolution
		Debug|Any CPU = Debug|Any CPU
		Release|Any CPU = Release|Any CPU
	EndGlobalSection
	GlobalSection(ProjectConfigurationPlatforms) = postSolution
		{566A8646-5DF4-5879-9A05-2BBFCCC830F2}.Debug|Any CPU.ActiveCfg = Debug|Any CPU
		{566A8646-5DF4-5879-9A05-2BBFCCC830F2}.Debug|Any CPU.Build.0 = Debug|Any CPU
		{566A8646-5DF4-5879-9A05-2BBFCCC830F2}.Release|Any CPU.ActiveCfg = Release|Any CPU
		{566A8646-5DF4-5879-9A05-2BBFCCC830F2}.Release|Any CPU.Build.0 = Release|Any CPU
		{39688A3C-C765-432C-8B15-8A8A48801190}.Debug|Any CPU.ActiveCfg = Debug|Any CPU
		{39688A3C-C765-432C-8B15-8A8A48801190}.Debug|Any CPU.Build.0 = Debug|Any CPU
		{39688A3C-C765-432C-8B15-8A8A48801190}.Release|Any CPU.ActiveCfg = Release|Any CPU
		{39688A3C-C765-432C-8B15-8A8A48801190}.Release|Any CPU.Build.0 = Release|Any CPU
	EndGlobalSection
	GlobalSection(SolutionProperties) = preSolution
		HideSolutionNode = FALSE
	EndGlobalSection
	GlobalSection(NestedProjects) = preSolution
		{A20EDF4B-4F26-F21A-9B18-55A5A12F816B} = {F908AF83-9E55-D086-B5E9-75C187214E92}
		{566A8646-5DF4-5879-9A05-2BBFCCC830F2} = {A20EDF4B-4F26-F21A-9B18-55A5A12F816B}
		{DAE5F90B-0856-8859-ABF0-5DF3271A76E1} = {F908AF83-9E55-D086-B5E9-75C187214E92}
		{39688A3C-C765-432C-8B15-8A8A48801190} = {DAE5F90B-0856-8859-ABF0-5DF3271A76E1}
	EndGlobalSection
	GlobalSection(ExtensibilityGlobals) = postSolution
		SolutionGuid = {2636D778-9696-432E-A520-FE6D6CB64EB0}
	EndGlobalSection
EndGlobal
